// !$*UTF8*$!
{
	archiveVersion = 1;
	classes = {
	};
	objectVersion = 77;
	objects = {

/* Begin PBXContainerItemProxy section */
		AC7FB0B22D84FC17000D1247 /* PBXContainerItemProxy */ = {
			isa = PBXContainerItemProxy;
			containerPortal = AC7FB0992D84FC16000D1247 /* Project object */;
			proxyType = 1;
			remoteGlobalIDString = AC7FB0A02D84FC16000D1247;
			remoteInfo = foreach;
		};
		AC7FB0BC2D84FC17000D1247 /* PBXContainerItemProxy */ = {
			isa = PBXContainerItemProxy;
			containerPortal = AC7FB0992D84FC16000D1247 /* Project object */;
			proxyType = 1;
			remoteGlobalIDString = AC7FB0A02D84FC16000D1247;
			remoteInfo = foreach;
		};
/* End PBXContainerItemProxy section */

/* Begin PBXFileReference section */
		AC7FB0A12D84FC16000D1247 /* foreach.app */ = {isa = PBXFileReference; explicitFileType = wrapper.application; includeInIndex = 0; path = foreach.app; sourceTree = BUILT_PRODUCTS_DIR; };
		AC7FB0B12D84FC17000D1247 /* foreachTests.xctest */ = {isa = PBXFileReference; explicitFileType = wrapper.cfbundle; includeInIndex = 0; path = foreachTests.xctest; sourceTree = BUILT_PRODUCTS_DIR; };
		AC7FB0BB2D84FC17000D1247 /* foreachUITests.xctest */ = {isa = PBXFileReference; explicitFileType = wrapper.cfbundle; includeInIndex = 0; path = foreachUITests.xctest; sourceTree = BUILT_PRODUCTS_DIR; };
/* End PBXFileReference section */

/* Begin PBXFileSystemSynchronizedRootGroup section */
		AC7FB0A32D84FC16000D1247 /* foreach */ = {
			isa = PBXFileSystemSynchronizedRootGroup;
			path = foreach;
			sourceTree = "<group>";
		};
		AC7FB0B42D84FC17000D1247 /* foreachTests */ = {
			isa = PBXFileSystemSynchronizedRootGroup;
			path = foreachTests;
			sourceTree = "<group>";
		};
		AC7FB0BE2D84FC17000D1247 /* foreachUITests */ = {
			isa = PBXFileSystemSynchronizedRootGroup;
			path = foreachUITests;
			sourceTree = "<group>";
		};
/* End PBXFileSystemSynchronizedRootGroup section */

/* Begin PBXFrameworksBuildPhase section */
		AC7FB09E2D84FC16000D1247 /* Frameworks */ = {
			isa = PBXFrameworksBuildPhase;
			buildActionMask = 2147483647;
			files = (
			);
			runOnlyForDeploymentPostprocessing = 0;
		};
		AC7FB0AE2D84FC17000D1247 /* Frameworks */ = {
			isa = PBXFrameworksBuildPhase;
			buildActionMask = 2147483647;
			files = (
			);
			runOnlyForDeploymentPostprocessing = 0;
		};
		AC7FB0B82D84FC17000D1247 /* Frameworks */ = {
			isa = PBXFrameworksBuildPhase;
			buildActionMask = 2147483647;
			files = (
			);
			runOnlyForDeploymentPostprocessing = 0;
		};
/* End PBXFrameworksBuildPhase section */

/* Begin PBXGroup section */
		AC7FB0982D84FC16000D1247 = {
			isa = PBXGroup;
			children = (
				AC7FB0A32D84FC16000D1247 /* foreach */,
				AC7FB0B42D84FC17000D1247 /* foreachTests */,
				AC7FB0BE2D84FC17000D1247 /* foreachUITests */,
				AC7FB0A22D84FC16000D1247 /* Products */,
			);
			sourceTree = "<group>";
		};
		AC7FB0A22D84FC16000D1247 /* Products */ = {
			isa = PBXGroup;
			children = (
				AC7FB0A12D84FC16000D1247 /* foreach.app */,
				AC7FB0B12D84FC17000D1247 /* foreachTests.xctest */,
				AC7FB0BB2D84FC17000D1247 /* foreachUITests.xctest */,
			);
			name = Products;
			sourceTree = "<group>";
		};
/* End PBXGroup section */

/* Begin PBXNativeTarget section */
		AC7FB0A02D84FC16000D1247 /* foreach */ = {
			isa = PBXNativeTarget;
			buildConfigurationList = AC7FB0C52D84FC17000D1247 /* Build configuration list for PBXNativeTarget "foreach" */;
			buildPhases = (
				AC7FB09D2D84FC16000D1247 /* Sources */,
				AC7FB09E2D84FC16000D1247 /* Frameworks */,
				AC7FB09F2D84FC16000D1247 /* Resources */,
			);
			buildRules = (
			);
			dependencies = (
			);
			fileSystemSynchronizedGroups = (
				AC7FB0A32D84FC16000D1247 /* foreach */,
			);
			name = foreach;
			packageProductDependencies = (
			);
			productName = foreach;
			productReference = AC7FB0A12D84FC16000D1247 /* foreach.app */;
			productType = "com.apple.product-type.application";
		};
		AC7FB0B02D84FC17000D1247 /* foreachTests */ = {
			isa = PBXNativeTarget;
			buildConfigurationList = AC7FB0C82D84FC17000D1247 /* Build configuration list for PBXNativeTarget "foreachTests" */;
			buildPhases = (
				AC7FB0AD2D84FC17000D1247 /* Sources */,
				AC7FB0AE2D84FC17000D1247 /* Frameworks */,
				AC7FB0AF2D84FC17000D1247 /* Resources */,
			);
			buildRules = (
			);
			dependencies = (
				AC7FB0B32D84FC17000D1247 /* PBXTargetDependency */,
			);
			fileSystemSynchronizedGroups = (
				AC7FB0B42D84FC17000D1247 /* foreachTests */,
			);
			name = foreachTests;
			packageProductDependencies = (
			);
			productName = foreachTests;
			productReference = AC7FB0B12D84FC17000D1247 /* foreachTests.xctest */;
			productType = "com.apple.product-type.bundle.unit-test";
		};
		AC7FB0BA2D84FC17000D1247 /* foreachUITests */ = {
			isa = PBXNativeTarget;
			buildConfigurationList = AC7FB0CB2D84FC17000D1247 /* Build configuration list for PBXNativeTarget "foreachUITests" */;
			buildPhases = (
				AC7FB0B72D84FC17000D1247 /* Sources */,
				AC7FB0B82D84FC17000D1247 /* Frameworks */,
				AC7FB0B92D84FC17000D1247 /* Resources */,
			);
			buildRules = (
			);
			dependencies = (
				AC7FB0BD2D84FC17000D1247 /* PBXTargetDependency */,
			);
			fileSystemSynchronizedGroups = (
				AC7FB0BE2D84FC17000D1247 /* foreachUITests */,
			);
			name = foreachUITests;
			packageProductDependencies = (
			);
			productName = foreachUITests;
			productReference = AC7FB0BB2D84FC17000D1247 /* foreachUITests.xctest */;
			productType = "com.apple.product-type.bundle.ui-testing";
		};
/* End PBXNativeTarget section */

/* Begin PBXProject section */
		AC7FB0992D84FC16000D1247 /* Project object */ = {
			isa = PBXProject;
			attributes = {
				BuildIndependentTargetsInParallel = 1;
				LastSwiftUpdateCheck = 1620;
				LastUpgradeCheck = 1620;
				TargetAttributes = {
					AC7FB0A02D84FC16000D1247 = {
						CreatedOnToolsVersion = 16.2;
					};
					AC7FB0B02D84FC17000D1247 = {
						CreatedOnToolsVersion = 16.2;
						TestTargetID = AC7FB0A02D84FC16000D1247;
					};
					AC7FB0BA2D84FC17000D1247 = {
						CreatedOnToolsVersion = 16.2;
						TestTargetID = AC7FB0A02D84FC16000D1247;
					};
				};
			};
			buildConfigurationList = AC7FB09C2D84FC16000D1247 /* Build configuration list for PBXProject "foreach" */;
			developmentRegion = en;
			hasScannedForEncodings = 0;
			knownRegions = (
				en,
				Base,
			);
			mainGroup = AC7FB0982D84FC16000D1247;
			minimizedProjectReferenceProxies = 1;
			preferredProjectObjectVersion = 77;
			productRefGroup = AC7FB0A22D84FC16000D1247 /* Products */;
			projectDirPath = "";
			projectRoot = "";
			targets = (
				AC7FB0A02D84FC16000D1247 /* foreach */,
				AC7FB0B02D84FC17000D1247 /* foreachTests */,
				AC7FB0BA2D84FC17000D1247 /* foreachUITests */,
			);
		};
/* End PBXProject section */

/* Begin PBXResourcesBuildPhase section */
		AC7FB09F2D84FC16000D1247 /* Resources */ = {
			isa = PBXResourcesBuildPhase;
			buildActionMask = 2147483647;
			files = (
			);
			runOnlyForDeploymentPostprocessing = 0;
		};
		AC7FB0AF2D84FC17000D1247 /* Resources */ = {
			isa = PBXResourcesBuildPhase;
			buildActionMask = 2147483647;
			files = (
			);
			runOnlyForDeploymentPostprocessing = 0;
		};
		AC7FB0B92D84FC17000D1247 /* Resources */ = {
			isa = PBXResourcesBuildPhase;
			buildActionMask = 2147483647;
			files = (
			);
			runOnlyForDeploymentPostprocessing = 0;
		};
/* End PBXResourcesBuildPhase section */

/* Begin PBXSourcesBuildPhase section */
		AC7FB09D2D84FC16000D1247 /* Sources */ = {
			isa = PBXSourcesBuildPhase;
			buildActionMask = 2147483647;
			files = (
			);
			runOnlyForDeploymentPostprocessing = 0;
		};
		AC7FB0AD2D84FC17000D1247 /* Sources */ = {
			isa = PBXSourcesBuildPhase;
			buildActionMask = 2147483647;
			files = (
			);
			runOnlyForDeploymentPostprocessing = 0;
		};
		AC7FB0B72D84FC17000D1247 /* Sources */ = {
			isa = PBXSourcesBuildPhase;
			buildActionMask = 2147483647;
			files = (
			);
			runOnlyForDeploymentPostprocessing = 0;
		};
/* End PBXSourcesBuildPhase section */

/* Begin PBXTargetDependency section */
		AC7FB0B32D84FC17000D1247 /* PBXTargetDependency */ = {
			isa = PBXTargetDependency;
			target = AC7FB0A02D84FC16000D1247 /* foreach */;
			targetProxy = AC7FB0B22D84FC17000D1247 /* PBXContainerItemProxy */;
		};
		AC7FB0BD2D84FC17000D1247 /* PBXTargetDependency */ = {
			isa = PBXTargetDependency;
			target = AC7FB0A02D84FC16000D1247 /* foreach */;
			targetProxy = AC7FB0BC2D84FC17000D1247 /* PBXContainerItemProxy */;
		};
/* End PBXTargetDependency section */

/* Begin XCBuildConfiguration section */
		AC7FB0C32D84FC17000D1247 /* Debug */ = {
			isa = XCBuildConfiguration;
			buildSettings = {
				ALWAYS_SEARCH_USER_PATHS = NO;
				ASSETCATALOG_COMPILER_GENERATE_SWIFT_ASSET_SYMBOL_EXTENSIONS = YES;
				CLANG_ANALYZER_NONNULL = YES;
				CLANG_ANALYZER_NUMBER_OBJECT_CONVERSION = YES_AGGRESSIVE;
				CLANG_CXX_LANGUAGE_STANDARD = "gnu++20";
				CLANG_ENABLE_MODULES = YES;
				CLANG_ENABLE_OBJC_ARC = YES;
				CLANG_ENABLE_OBJC_WEAK = YES;
				CLANG_WARN_BLOCK_CAPTURE_AUTORELEASING = YES;
				CLANG_WARN_BOOL_CONVERSION = YES;
				CLANG_WARN_COMMA = YES;
				CLANG_WARN_CONSTANT_CONVERSION = YES;
				CLANG_WARN_DEPRECATED_OBJC_IMPLEMENTATIONS = YES;
				CLANG_WARN_DIRECT_OBJC_ISA_USAGE = YES_ERROR;
				CLANG_WARN_DOCUMENTATION_COMMENTS = YES;
				CLANG_WARN_EMPTY_BODY = YES;
				CLANG_WARN_ENUM_CONVERSION = YES;
				CLANG_WARN_INFINITE_RECURSION = YES;
				CLANG_WARN_INT_CONVERSION = YES;
				CLANG_WARN_NON_LITERAL_NULL_CONVERSION = YES;
				CLANG_WARN_OBJC_IMPLICIT_RETAIN_SELF = YES;
				CLANG_WARN_OBJC_LITERAL_CONVERSION = YES;
				CLANG_WARN_OBJC_ROOT_CLASS = YES_ERROR;
				CLANG_WARN_QUOTED_INCLUDE_IN_FRAMEWORK_HEADER = YES;
				CLANG_WARN_RANGE_LOOP_ANALYSIS = YES;
				CLANG_WARN_STRICT_PROTOTYPES = YES;
				CLANG_WARN_SUSPICIOUS_MOVE = YES;
				CLANG_WARN_UNGUARDED_AVAILABILITY = YES_AGGRESSIVE;
				CLANG_WARN_UNREACHABLE_CODE = YES;
				CLANG_WARN__DUPLICATE_METHOD_MATCH = YES;
				COPY_PHASE_STRIP = NO;
				DEBUG_INFORMATION_FORMAT = dwarf;
				ENABLE_STRICT_OBJC_MSGSEND = YES;
				ENABLE_TESTABILITY = YES;
				ENABLE_USER_SCRIPT_SANDBOXING = YES;
				GCC_C_LANGUAGE_STANDARD = gnu17;
				GCC_DYNAMIC_NO_PIC = NO;
				GCC_NO_COMMON_BLOCKS = YES;
				GCC_OPTIMIZATION_LEVEL = 0;
				GCC_PREPROCESSOR_DEFINITIONS = (
					"DEBUG=1",
					"$(inherited)",
				);
				GCC_WARN_64_TO_32_BIT_CONVERSION = YES;
				GCC_WARN_ABOUT_RETURN_TYPE = YES_ERROR;
				GCC_WARN_UNDECLARED_SELECTOR = YES;
				GCC_WARN_UNINITIALIZED_AUTOS = YES_AGGRESSIVE;
				GCC_WARN_UNUSED_FUNCTION = YES;
				GCC_WARN_UNUSED_VARIABLE = YES;
				IPHONEOS_DEPLOYMENT_TARGET = 18.2;
				LOCALIZATION_PREFERS_STRING_CATALOGS = YES;
				MTL_ENABLE_DEBUG_INFO = INCLUDE_SOURCE;
				MTL_FAST_MATH = YES;
				ONLY_ACTIVE_ARCH = YES;
				SDKROOT = iphoneos;
				SWIFT_ACTIVE_COMPILATION_CONDITIONS = "DEBUG $(inherited)";
				SWIFT_OPTIMIZATION_LEVEL = "-Onone";
			};
			name = Debug;
		};
		AC7FB0C42D84FC17000D1247 /* Release */ = {
			isa = XCBuildConfiguration;
			buildSettings = {
				ALWAYS_SEARCH_USER_PATHS = NO;
				ASSETCATALOG_COMPILER_GENERATE_SWIFT_ASSET_SYMBOL_EXTENSIONS = YES;
				CLANG_ANALYZER_NONNULL = YES;
				CLANG_ANALYZER_NUMBER_OBJECT_CONVERSION = YES_AGGRESSIVE;
				CLANG_CXX_LANGUAGE_STANDARD = "gnu++20";
				CLANG_ENABLE_MODULES = YES;
				CLANG_ENABLE_OBJC_ARC = YES;
				CLANG_ENABLE_OBJC_WEAK = YES;
				CLANG_WARN_BLOCK_CAPTURE_AUTORELEASING = YES;
				CLANG_WARN_BOOL_CONVERSION = YES;
				CLANG_WARN_COMMA = YES;
				CLANG_WARN_CONSTANT_CONVERSION = YES;
				CLANG_WARN_DEPRECATED_OBJC_IMPLEMENTATIONS = YES;
				CLANG_WARN_DIRECT_OBJC_ISA_USAGE = YES_ERROR;
				CLANG_WARN_DOCUMENTATION_COMMENTS = YES;
				CLANG_WARN_EMPTY_BODY = YES;
				CLANG_WARN_ENUM_CONVERSION = YES;
				CLANG_WARN_INFINITE_RECURSION = YES;
				CLANG_WARN_INT_CONVERSION = YES;
				CLANG_WARN_NON_LITERAL_NULL_CONVERSION = YES;
				CLANG_WARN_OBJC_IMPLICIT_RETAIN_SELF = YES;
				CLANG_WARN_OBJC_LITERAL_CONVERSION = YES;
				CLANG_WARN_OBJC_ROOT_CLASS = YES_ERROR;
				CLANG_WARN_QUOTED_INCLUDE_IN_FRAMEWORK_HEADER = YES;
				CLANG_WARN_RANGE_LOOP_ANALYSIS = YES;
				CLANG_WARN_STRICT_PROTOTYPES = YES;
				CLANG_WARN_SUSPICIOUS_MOVE = YES;
				CLANG_WARN_UNGUARDED_AVAILABILITY = YES_AGGRESSIVE;
				CLANG_WARN_UNREACHABLE_CODE = YES;
				CLANG_WARN__DUPLICATE_METHOD_MATCH = YES;
				COPY_PHASE_STRIP = NO;
				DEBUG_INFORMATION_FORMAT = "dwarf-with-dsym";
				ENABLE_NS_ASSERTIONS = NO;
				ENABLE_STRICT_OBJC_MSGSEND = YES;
				ENABLE_USER_SCRIPT_SANDBOXING = YES;
				GCC_C_LANGUAGE_STANDARD = gnu17;
				GCC_NO_COMMON_BLOCKS = YES;
				GCC_WARN_64_TO_32_BIT_CONVERSION = YES;
				GCC_WARN_ABOUT_RETURN_TYPE = YES_ERROR;
				GCC_WARN_UNDECLARED_SELECTOR = YES;
				GCC_WARN_UNINITIALIZED_AUTOS = YES_AGGRESSIVE;
				GCC_WARN_UNUSED_FUNCTION = YES;
				GCC_WARN_UNUSED_VARIABLE = YES;
				IPHONEOS_DEPLOYMENT_TARGET = 18.2;
				LOCALIZATION_PREFERS_STRING_CATALOGS = YES;
				MTL_ENABLE_DEBUG_INFO = NO;
				MTL_FAST_MATH = YES;
				SDKROOT = iphoneos;
				SWIFT_COMPILATION_MODE = wholemodule;
				VALIDATE_PRODUCT = YES;
			};
			name = Release;
		};
		AC7FB0C62D84FC17000D1247 /* Debug */ = {
			isa = XCBuildConfiguration;
			buildSettings = {
				ASSETCATALOG_COMPILER_APPICON_NAME = AppIcon;
				ASSETCATALOG_COMPILER_GLOBAL_ACCENT_COLOR_NAME = AccentColor;
				CODE_SIGN_STYLE = Automatic;
				CURRENT_PROJECT_VERSION = 1;
				DEVELOPMENT_ASSET_PATHS = "\"foreach/Preview Content\"";
				DEVELOPMENT_TEAM = 56MW794GXP;
				ENABLE_PREVIEWS = YES;
				GENERATE_INFOPLIST_FILE = YES;
				INFOPLIST_KEY_UIApplicationSceneManifest_Generation = YES;
				INFOPLIST_KEY_UIApplicationSupportsIndirectInputEvents = YES;
				INFOPLIST_KEY_UILaunchScreen_Generation = YES;
				INFOPLIST_KEY_UISupportedInterfaceOrientations_iPad = "UIInterfaceOrientationPortrait UIInterfaceOrientationPortraitUpsideDown UIInterfaceOrientationLandscapeLeft UIInterfaceOrientationLandscapeRight";
				INFOPLIST_KEY_UISupportedInterfaceOrientations_iPhone = "UIInterfaceOrientationPortrait UIInterfaceOrientationLandscapeLeft UIInterfaceOrientationLandscapeRight";
				LD_RUNPATH_SEARCH_PATHS = (
					"$(inherited)",
					"@executable_path/Frameworks",
				);
				MARKETING_VERSION = 1.0;
				PRODUCT_BUNDLE_IDENTIFIER = com.StudioNoKr.foreach;
				PRODUCT_NAME = "$(TARGET_NAME)";
				SWIFT_EMIT_LOC_STRINGS = YES;
				SWIFT_VERSION = 5.0;
				TARGETED_DEVICE_FAMILY = "1,2";
			};
			name = Debug;
		};
		AC7FB0C72D84FC17000D1247 /* Release */ = {
			isa = XCBuildConfiguration;
			buildSettings = {
				ASSETCATALOG_COMPILER_APPICON_NAME = AppIcon;
				ASSETCATALOG_COMPILER_GLOBAL_ACCENT_COLOR_NAME = AccentColor;
				CODE_SIGN_STYLE = Automatic;
				CURRENT_PROJECT_VERSION = 1;
				DEVELOPMENT_ASSET_PATHS = "\"foreach/Preview Content\"";
				DEVELOPMENT_TEAM = 56MW794GXP;
				ENABLE_PREVIEWS = YES;
				GENERATE_INFOPLIST_FILE = YES;
				INFOPLIST_KEY_UIApplicationSceneManifest_Generation = YES;
				INFOPLIST_KEY_UIApplicationSupportsIndirectInputEvents = YES;
				INFOPLIST_KEY_UILaunchScreen_Generation = YES;
				INFOPLIST_KEY_UISupportedInterfaceOrientations_iPad = "UIInterfaceOrientationPortrait UIInterfaceOrientationPortraitUpsideDown UIInterfaceOrientationLandscapeLeft UIInterfaceOrientationLandscapeRight";
				INFOPLIST_KEY_UISupportedInterfaceOrientations_iPhone = "UIInterfaceOrientationPortrait UIInterfaceOrientationLandscapeLeft UIInterfaceOrientationLandscapeRight";
				LD_RUNPATH_SEARCH_PATHS = (
					"$(inherited)",
					"@executable_path/Frameworks",
				);
				MARKETING_VERSION = 1.0;
				PRODUCT_BUNDLE_IDENTIFIER = com.StudioNoKr.foreach;
				PRODUCT_NAME = "$(TARGET_NAME)";
				SWIFT_EMIT_LOC_STRINGS = YES;
				SWIFT_VERSION = 5.0;
				TARGETED_DEVICE_FAMILY = "1,2";
			};
			name = Release;
		};
		AC7FB0C92D84FC17000D1247 /* Debug */ = {
			isa = XCBuildConfiguration;
			buildSettings = {
				BUNDLE_LOADER = "$(TEST_HOST)";
				CODE_SIGN_STYLE = Automatic;
				CURRENT_PROJECT_VERSION = 1;
				DEVELOPMENT_TEAM = 56MW794GXP;
				GENERATE_INFOPLIST_FILE = YES;
				IPHONEOS_DEPLOYMENT_TARGET = 18.2;
				MARKETING_VERSION = 1.0;
				PRODUCT_BUNDLE_IDENTIFIER = com.StudioNoKr.foreachTests;
				PRODUCT_NAME = "$(TARGET_NAME)";
				SWIFT_EMIT_LOC_STRINGS = NO;
				SWIFT_VERSION = 5.0;
				TARGETED_DEVICE_FAMILY = "1,2";
				TEST_HOST = "$(BUILT_PRODUCTS_DIR)/foreach.app/$(BUNDLE_EXECUTABLE_FOLDER_PATH)/foreach";
			};
			name = Debug;
		};
		AC7FB0CA2D84FC17000D1247 /* Release */ = {
			isa = XCBuildConfiguration;
			buildSettings = {
				BUNDLE_LOADER = "$(TEST_HOST)";
				CODE_SIGN_STYLE = Automatic;
				CURRENT_PROJECT_VERSION = 1;
				DEVELOPMENT_TEAM = 56MW794GXP;
				GENERATE_INFOPLIST_FILE = YES;
				IPHONEOS_DEPLOYMENT_TARGET = 18.2;
				MARKETING_VERSION = 1.0;
				PRODUCT_BUNDLE_IDENTIFIER = com.StudioNoKr.foreachTests;
				PRODUCT_NAME = "$(TARGET_NAME)";
				SWIFT_EMIT_LOC_STRINGS = NO;
				SWIFT_VERSION = 5.0;
				TARGETED_DEVICE_FAMILY = "1,2";
				TEST_HOST = "$(BUILT_PRODUCTS_DIR)/foreach.app/$(BUNDLE_EXECUTABLE_FOLDER_PATH)/foreach";
			};
			name = Release;
		};
		AC7FB0CC2D84FC17000D1247 /* Debug */ = {
			isa = XCBuildConfiguration;
			buildSettings = {
				CODE_SIGN_STYLE = Automatic;
				CURRENT_PROJECT_VERSION = 1;
				DEVELOPMENT_TEAM = 56MW794GXP;
				GENERATE_INFOPLIST_FILE = YES;
				MARKETING_VERSION = 1.0;
				PRODUCT_BUNDLE_IDENTIFIER = com.StudioNoKr.foreachUITests;
				PRODUCT_NAME = "$(TARGET_NAME)";
				SWIFT_EMIT_LOC_STRINGS = NO;
				SWIFT_VERSION = 5.0;
				TARGETED_DEVICE_FAMILY = "1,2";
				TEST_TARGET_NAME = foreach;
			};
			name = Debug;
		};
		AC7FB0CD2D84FC17000D1247 /* Release */ = {
			isa = XCBuildConfiguration;
			buildSettings = {
				CODE_SIGN_STYLE = Automatic;
				CURRENT_PROJECT_VERSION = 1;
				DEVELOPMENT_TEAM = 56MW794GXP;
				GENERATE_INFOPLIST_FILE = YES;
				MARKETING_VERSION = 1.0;
				PRODUCT_BUNDLE_IDENTIFIER = com.StudioNoKr.foreachUITests;
				PRODUCT_NAME = "$(TARGET_NAME)";
				SWIFT_EMIT_LOC_STRINGS = NO;
				SWIFT_VERSION = 5.0;
				TARGETED_DEVICE_FAMILY = "1,2";
				TEST_TARGET_NAME = foreach;
			};
			name = Release;
		};
/* End XCBuildConfiguration section */

/* Begin XCConfigurationList section */
		AC7FB09C2D84FC16000D1247 /* Build configuration list for PBXProject "foreach" */ = {
			isa = XCConfigurationList;
			buildConfigurations = (
				AC7FB0C32D84FC17000D1247 /* Debug */,
				AC7FB0C42D84FC17000D1247 /* Release */,
			);
			defaultConfigurationIsVisible = 0;
			defaultConfigurationName = Release;
		};
		AC7FB0C52D84FC17000D1247 /* Build configuration list for PBXNativeTarget "foreach" */ = {
			isa = XCConfigurationList;
			buildConfigurations = (
				AC7FB0C62D84FC17000D1247 /* Debug */,
				AC7FB0C72D84FC17000D1247 /* Release */,
			);
			defaultConfigurationIsVisible = 0;
			defaultConfigurationName = Release;
		};
		AC7FB0C82D84FC17000D1247 /* Build configuration list for PBXNativeTarget "foreachTests" */ = {
			isa = XCConfigurationList;
			buildConfigurations = (
				AC7FB0C92D84FC17000D1247 /* Debug */,
				AC7FB0CA2D84FC17000D1247 /* Release */,
			);
			defaultConfigurationIsVisible = 0;
			defaultConfigurationName = Release;
		};
		AC7FB0CB2D84FC17000D1247 /* Build configuration list for PBXNativeTarget "foreachUITests" */ = {
			isa = XCConfigurationList;
			buildConfigurations = (
				AC7FB0CC2D84FC17000D1247 /* Debug */,
				AC7FB0CD2D84FC17000D1247 /* Release */,
			);
			defaultConfigurationIsVisible = 0;
			defaultConfigurationName = Release;
		};
/* End XCConfigurationList section */
	};
	rootObject = AC7FB0992D84FC16000D1247 /* Project object */;
}
